
Microsoft Visual Studio Solution File, Format Version 12.00
# Visual Studio 15
VisualStudioVersion = 15.0.26228.4
MinimumVisualStudioVersion = 10.0.40219.1
Project("{2150E333-8FDC-42A3-9474-1A3956D46DE8}") = "Plugins", "Plugins", "{025198AA-25F7-4907-B46B-FDF0AF030F18}"
EndProject
Project("{FAE04EC0-301F-11D3-BF4B-00C04F79EFBC}") = "UstClaro_Case", "UstClaro_Case\UstClaro_Case.csproj", "{031A4FA4-790A-4C9B-B14D-27688E4E2D53}"
EndProject
Project("{2150E333-8FDC-42A3-9474-1A3956D46DE8}") = "WorkFlows", "WorkFlows", "{DCA52208-57A9-4B81-B8DF-80A5F68C03B0}"
EndProject
Project("{2150E333-8FDC-42A3-9474-1A3956D46DE8}") = "Javascripts", "Javascripts", "{CCCBCFC1-4360-4F2C-884E-FA536872721D}"
	ProjectSection(SolutionItems) = preProject
		3211.html = 3211.html
		3234.html = 3234.html
		caso.js = caso.js
		Javascripts\ITC_FNC_Generico.js = Javascripts\ITC_FNC_Generico.js
		Javascripts\ITC_FNC_Generico_Data.js = Javascripts\ITC_FNC_Generico_Data.js
		PSBServices.js = PSBServices.js
		Role.js = Role.js
		Script1.js = Script1.js
		SinAccesorios.html = SinAccesorios.html
		Javascripts\Ust_Case.js = Javascripts\Ust_Case.js
		ust_generate_answer_document.js = ust_generate_answer_document.js
		ust_ostpresential.js = ust_ostpresential.js
	EndProjectSection
EndProject
Project("{2150E333-8FDC-42A3-9474-1A3956D46DE8}") = "Interfaces", "Interfaces", "{39B3763D-2097-453C-BD70-E83DDA7D1379}"
EndProject
Project("{FAE04EC0-301F-11D3-BF4B-00C04F79EFBC}") = "UstWcf", "UstWcf\UstWcf.csproj", "{1C4CCF68-A634-463D-B3EA-4373360A3808}"
EndProject
Project("{FAE04EC0-301F-11D3-BF4B-00C04F79EFBC}") = "UstClaro_WorkFlows", "UstClaro_WorkFlows\UstClaro_WorkFlows.csproj", "{88C05BBA-AFEE-4083-A4E7-6542768835B3}"
EndProject
Project("{FAE04EC0-301F-11D3-BF4B-00C04F79EFBC}") = "AutoNumber.Test", "AutoNumber.Test\AutoNumber.Test.csproj", "{0CDFB38C-1A73-4D30-A3F0-43CE3F425A5A}"
EndProject
Project("{FAE04EC0-301F-11D3-BF4B-00C04F79EFBC}") = "Ust.Xrm", "Ust.Xrm\Ust.Xrm.csproj", "{06B3D2A8-982A-4028-86AA-27B92CCEF1F9}"
EndProject
Project("{FAE04EC0-301F-11D3-BF4B-00C04F79EFBC}") = "Libreria_ExportExcel", "Libreria_ExportExcel\Libreria_ExportExcel.csproj", "{B7A3FB6E-1873-4480-AB20-6D70548F3FA4}"
EndProject
Project("{FAE04EC0-301F-11D3-BF4B-00C04F79EFBC}") = "LibreriaWorkflowActivity", "LibreriaWorkflowActivity\LibreriaWorkflowActivity.csproj", "{5572A3AA-3C19-4F06-B931-24C3046A2B61}"
EndProject
Global
	GlobalSection(SolutionConfigurationPlatforms) = preSolution
		Debug|Any CPU = Debug|Any CPU
		Release|Any CPU = Release|Any CPU
	EndGlobalSection
	GlobalSection(ProjectConfigurationPlatforms) = postSolution
		{031A4FA4-790A-4C9B-B14D-27688E4E2D53}.Debug|Any CPU.ActiveCfg = Debug|Any CPU
		{031A4FA4-790A-4C9B-B14D-27688E4E2D53}.Debug|Any CPU.Build.0 = Debug|Any CPU
		{031A4FA4-790A-4C9B-B14D-27688E4E2D53}.Release|Any CPU.ActiveCfg = Release|Any CPU
		{031A4FA4-790A-4C9B-B14D-27688E4E2D53}.Release|Any CPU.Build.0 = Release|Any CPU
		{1C4CCF68-A634-463D-B3EA-4373360A3808}.Debug|Any CPU.ActiveCfg = Debug|Any CPU
		{1C4CCF68-A634-463D-B3EA-4373360A3808}.Debug|Any CPU.Build.0 = Debug|Any CPU
		{1C4CCF68-A634-463D-B3EA-4373360A3808}.Release|Any CPU.ActiveCfg = Release|Any CPU
		{1C4CCF68-A634-463D-B3EA-4373360A3808}.Release|Any CPU.Build.0 = Release|Any CPU
		{88C05BBA-AFEE-4083-A4E7-6542768835B3}.Debug|Any CPU.ActiveCfg = Debug|Any CPU
		{88C05BBA-AFEE-4083-A4E7-6542768835B3}.Debug|Any CPU.Build.0 = Debug|Any CPU
		{88C05BBA-AFEE-4083-A4E7-6542768835B3}.Release|Any CPU.ActiveCfg = Release|Any CPU
		{88C05BBA-AFEE-4083-A4E7-6542768835B3}.Release|Any CPU.Build.0 = Release|Any CPU
		{0CDFB38C-1A73-4D30-A3F0-43CE3F425A5A}.Debug|Any CPU.ActiveCfg = Debug|Any CPU
		{0CDFB38C-1A73-4D30-A3F0-43CE3F425A5A}.Debug|Any CPU.Build.0 = Debug|Any CPU
		{0CDFB38C-1A73-4D30-A3F0-43CE3F425A5A}.Release|Any CPU.ActiveCfg = Release|Any CPU
		{0CDFB38C-1A73-4D30-A3F0-43CE3F425A5A}.Release|Any CPU.Build.0 = Release|Any CPU
		{06B3D2A8-982A-4028-86AA-27B92CCEF1F9}.Debug|Any CPU.ActiveCfg = Debug|Any CPU
		{06B3D2A8-982A-4028-86AA-27B92CCEF1F9}.Debug|Any CPU.Build.0 = Debug|Any CPU
		{06B3D2A8-982A-4028-86AA-27B92CCEF1F9}.Release|Any CPU.ActiveCfg = Release|Any CPU
		{06B3D2A8-982A-4028-86AA-27B92CCEF1F9}.Release|Any CPU.Build.0 = Release|Any CPU
		{B7A3FB6E-1873-4480-AB20-6D70548F3FA4}.Debug|Any CPU.ActiveCfg = Debug|Any CPU
		{B7A3FB6E-1873-4480-AB20-6D70548F3FA4}.Debug|Any CPU.Build.0 = Debug|Any CPU
		{B7A3FB6E-1873-4480-AB20-6D70548F3FA4}.Release|Any CPU.ActiveCfg = Release|Any CPU
		{B7A3FB6E-1873-4480-AB20-6D70548F3FA4}.Release|Any CPU.Build.0 = Release|Any CPU
		{5572A3AA-3C19-4F06-B931-24C3046A2B61}.Debug|Any CPU.ActiveCfg = Debug|Any CPU
		{5572A3AA-3C19-4F06-B931-24C3046A2B61}.Debug|Any CPU.Build.0 = Debug|Any CPU
		{5572A3AA-3C19-4F06-B931-24C3046A2B61}.Release|Any CPU.ActiveCfg = Release|Any CPU
		{5572A3AA-3C19-4F06-B931-24C3046A2B61}.Release|Any CPU.Build.0 = Release|Any CPU
	EndGlobalSection
	GlobalSection(SolutionProperties) = preSolution
		HideSolutionNode = FALSE
	EndGlobalSection
	GlobalSection(NestedProjects) = preSolution
		{031A4FA4-790A-4C9B-B14D-27688E4E2D53} = {025198AA-25F7-4907-B46B-FDF0AF030F18}
		{1C4CCF68-A634-463D-B3EA-4373360A3808} = {39B3763D-2097-453C-BD70-E83DDA7D1379}
		{88C05BBA-AFEE-4083-A4E7-6542768835B3} = {DCA52208-57A9-4B81-B8DF-80A5F68C03B0}
		{0CDFB38C-1A73-4D30-A3F0-43CE3F425A5A} = {39B3763D-2097-453C-BD70-E83DDA7D1379}
		{06B3D2A8-982A-4028-86AA-27B92CCEF1F9} = {39B3763D-2097-453C-BD70-E83DDA7D1379}
	EndGlobalSection
	GlobalSection(ExtensibilityGlobals) = postSolution
		SolutionGuid = {57252179-4BEE-4336-8BC4-CDA6FEDAC590}
	EndGlobalSection
EndGlobal
